
Microsoft Visual Studio Solution File, Format Version 12.00
# Visual Studio Version 16
VisualStudioVersion = 16.0.31025.194
MinimumVisualStudioVersion = 10.0.40219.1
Project("{FAE04EC0-301F-11D3-BF4B-00C04F79EFBC}") = "Sumy Wielokrotne", "Sumy Wielokrotne\Sumy Wielokrotne.csproj", "{F39625DC-0AC1-4187-9996-8DEE1471EE1A}"
EndProject
Global
	GlobalSection(SolutionConfigurationPlatforms) = preSolution
		Debug|Any CPU = Debug|Any CPU
		Release|Any CPU = Release|Any CPU
	EndGlobalSection
	GlobalSection(ProjectConfigurationPlatforms) = postSolution
		{F39625DC-0AC1-4187-9996-8DEE1471EE1A}.Debug|Any CPU.ActiveCfg = Debug|Any CPU
		{F39625DC-0AC1-4187-9996-8DEE1471EE1A}.Debug|Any CPU.Build.0 = Debug|Any CPU
		{F39625DC-0AC1-4187-9996-8DEE1471EE1A}.Release|Any CPU.ActiveCfg = Release|Any CPU
		{F39625DC-0AC1-4187-9996-8DEE1471EE1A}.Release|Any CPU.Build.0 = Release|Any CPU
	EndGlobalSection
	GlobalSection(SolutionProperties) = preSolution
		HideSolutionNode = FALSE
	EndGlobalSection
	GlobalSection(ExtensibilityGlobals) = postSolution
		SolutionGuid = {F5CDF12D-9404-4501-B60B-F5C2DA926410}
	EndGlobalSection
EndGlobal
