
Microsoft Visual Studio Solution File, Format Version 12.00
# Visual Studio Version 16
VisualStudioVersion = 16.0.31025.194
MinimumVisualStudioVersion = 10.0.40219.1
Project("{FAE04EC0-301F-11D3-BF4B-00C04F79EFBC}") = "SMPSEQ9", "SMPSEQ9\SMPSEQ9.csproj", "{2805E860-2566-4010-B0A7-5B25DA7EF151}"
EndProject
Global
	GlobalSection(SolutionConfigurationPlatforms) = preSolution
		Debug|Any CPU = Debug|Any CPU
		Release|Any CPU = Release|Any CPU
	EndGlobalSection
	GlobalSection(ProjectConfigurationPlatforms) = postSolution
		{2805E860-2566-4010-B0A7-5B25DA7EF151}.Debug|Any CPU.ActiveCfg = Debug|Any CPU
		{2805E860-2566-4010-B0A7-5B25DA7EF151}.Debug|Any CPU.Build.0 = Debug|Any CPU
		{2805E860-2566-4010-B0A7-5B25DA7EF151}.Release|Any CPU.ActiveCfg = Release|Any CPU
		{2805E860-2566-4010-B0A7-5B25DA7EF151}.Release|Any CPU.Build.0 = Release|Any CPU
	EndGlobalSection
	GlobalSection(SolutionProperties) = preSolution
		HideSolutionNode = FALSE
	EndGlobalSection
	GlobalSection(ExtensibilityGlobals) = postSolution
		SolutionGuid = {FB20BF74-F847-4E1B-BD84-B365F9FF3850}
	EndGlobalSection
EndGlobal
