
Microsoft Visual Studio Solution File, Format Version 12.00
# Visual Studio Version 16
VisualStudioVersion = 16.0.31025.194
MinimumVisualStudioVersion = 10.0.40219.1
Project("{FAE04EC0-301F-11D3-BF4B-00C04F79EFBC}") = "SMPSEQ6", "SMPSEQ6\SMPSEQ6.csproj", "{72976265-7C68-42A6-8101-66483570F37D}"
EndProject
Global
	GlobalSection(SolutionConfigurationPlatforms) = preSolution
		Debug|Any CPU = Debug|Any CPU
		Release|Any CPU = Release|Any CPU
	EndGlobalSection
	GlobalSection(ProjectConfigurationPlatforms) = postSolution
		{72976265-7C68-42A6-8101-66483570F37D}.Debug|Any CPU.ActiveCfg = Debug|Any CPU
		{72976265-7C68-42A6-8101-66483570F37D}.Debug|Any CPU.Build.0 = Debug|Any CPU
		{72976265-7C68-42A6-8101-66483570F37D}.Release|Any CPU.ActiveCfg = Release|Any CPU
		{72976265-7C68-42A6-8101-66483570F37D}.Release|Any CPU.Build.0 = Release|Any CPU
	EndGlobalSection
	GlobalSection(SolutionProperties) = preSolution
		HideSolutionNode = FALSE
	EndGlobalSection
	GlobalSection(ExtensibilityGlobals) = postSolution
		SolutionGuid = {6947A123-5FD0-4C47-856C-0877F2043A44}
	EndGlobalSection
EndGlobal
