
Microsoft Visual Studio Solution File, Format Version 12.00
# Visual Studio Version 16
VisualStudioVersion = 16.0.31025.194
MinimumVisualStudioVersion = 10.0.40219.1
Project("{FAE04EC0-301F-11D3-BF4B-00C04F79EFBC}") = "SMPSEQ6", "SMPSEQ6\SMPSEQ6.csproj", "{16297A6D-F1DE-4C07-A520-229D35582BBF}"
EndProject
Global
	GlobalSection(SolutionConfigurationPlatforms) = preSolution
		Debug|Any CPU = Debug|Any CPU
		Release|Any CPU = Release|Any CPU
	EndGlobalSection
	GlobalSection(ProjectConfigurationPlatforms) = postSolution
		{16297A6D-F1DE-4C07-A520-229D35582BBF}.Debug|Any CPU.ActiveCfg = Debug|Any CPU
		{16297A6D-F1DE-4C07-A520-229D35582BBF}.Debug|Any CPU.Build.0 = Debug|Any CPU
		{16297A6D-F1DE-4C07-A520-229D35582BBF}.Release|Any CPU.ActiveCfg = Release|Any CPU
		{16297A6D-F1DE-4C07-A520-229D35582BBF}.Release|Any CPU.Build.0 = Release|Any CPU
	EndGlobalSection
	GlobalSection(SolutionProperties) = preSolution
		HideSolutionNode = FALSE
	EndGlobalSection
	GlobalSection(ExtensibilityGlobals) = postSolution
		SolutionGuid = {CE1677EB-D5FD-4F91-8B53-24F6EFB23CA5}
	EndGlobalSection
EndGlobal
